Microsoft Visual Studio Solution File, Format Version 8.00
Project("{8BC9CEB8-8B4A-11D0-8D11-00A0C91BC942}") = "quadra", "quadra2003.vcproj", "{B36B1CBB-96D2-4D95-8788-665D8EEE85A9}"
	ProjectSection(ProjectDependencies) = postProject
	EndProjectSection
EndProject
Project("{8BC9CEB8-8B4A-11D0-8D11-00A0C91BC942}") = "wadder", "wadder2003.vcproj", "{2C2EF3F6-3DFD-4056-AEDE-C686C30D2C4A}"
	ProjectSection(ProjectDependencies) = postProject
	EndProjectSection
EndProject
Global
	GlobalSection(SolutionConfiguration) = preSolution
		Debug = Debug
		Release = Release
	EndGlobalSection
	GlobalSection(ProjectConfiguration) = postSolution
		{B36B1CBB-96D2-4D95-8788-665D8EEE85A9}.Debug.ActiveCfg = Debug|Win32
		{B36B1CBB-96D2-4D95-8788-665D8EEE85A9}.Debug.Build.0 = Debug|Win32
		{B36B1CBB-96D2-4D95-8788-665D8EEE85A9}.Release.ActiveCfg = Release|Win32
		{B36B1CBB-96D2-4D95-8788-665D8EEE85A9}.Release.Build.0 = Release|Win32
		{2C2EF3F6-3DFD-4056-AEDE-C686C30D2C4A}.Debug.ActiveCfg = Debug|Win32
		{2C2EF3F6-3DFD-4056-AEDE-C686C30D2C4A}.Debug.Build.0 = Debug|Win32
		{2C2EF3F6-3DFD-4056-AEDE-C686C30D2C4A}.Release.ActiveCfg = Release|Win32
		{2C2EF3F6-3DFD-4056-AEDE-C686C30D2C4A}.Release.Build.0 = Release|Win32
	EndGlobalSection
	GlobalSection(ExtensibilityGlobals) = postSolution
	EndGlobalSection
	GlobalSection(ExtensibilityAddIns) = postSolution
	EndGlobalSection
EndGlobal
